{
  "version": 4,
  "terraform_version": "1.12.0",
  "serial": 23,
  "lineage": "27b60e27-e7b0-aa27-4efc-6319abbf3f3c",
  "outputs": {
    "application_name": {
      "value": "jairosblog",
      "type": "string"
    },
    "environment_name": {
      "value": "dev",
      "type": "string"
    },
    "environment_prefix": {
      "value": "jairosblog-dev",
      "type": "string"
    },
    "suffix": {
      "value": "rbwqw",
      "type": "string"
    }
  },
  "resources": [
    {
      "mode": "managed",
      "type": "random_string",
      "name": "suffix",
      "provider": "provider[\"registry.terraform.io/hashicorp/random\"]",
      "instances": [
        {
          "schema_version": 2,
          "attributes": {
            "id": "rbwqw",
            "keepers": null,
            "length": 5,
            "lower": true,
            "min_lower": 0,
            "min_numeric": 0,
            "min_special": 0,
            "min_upper": 0,
            "number": true,
            "numeric": true,
            "override_special": null,
            "result": "rbwqw",
            "special": false,
            "upper": false
          },
          "sensitive_attributes": [],
          "identity_schema_version": 0
        }
      ]
    }
  ],
  "check_results": null
}
