{
  "version": 4,
  "terraform_version": "1.10.5",
  "serial": 2,
  "lineage": "56636b80-766c-bf14-2b5e-6b1604c5deee",
  "outputs": {
    "api_key": {
      "value": "foobar",
      "type": "string",
      "sensitive": true
    },
    "application_name": {
      "value": "jairosblog",
      "type": "string"
    },
    "environment_name": {
      "value": "dev",
      "type": "string"
    },
    "environment_prefix": {
      "value": "jairosblog-dev-3tlu5",
      "type": "string"
    },
    "kind": {
      "value": "Business",
      "type": "string"
    },
    "primary_region": {
      "value": "westus",
      "type": "string"
    },
    "primary_region_instance": {
      "value": 4,
      "type": "number"
    },
    "suffix": {
      "value": "3tlu5",
      "type": "string"
    }
  },
  "resources": [
    {
      "mode": "managed",
      "type": "random_string",
      "name": "suffix",
      "provider": "provider[\"registry.terraform.io/hashicorp/random\"]",
      "instances": [
        {
          "schema_version": 2,
          "attributes": {
            "id": "3tlu5",
            "keepers": null,
            "length": 5,
            "lower": true,
            "min_lower": 0,
            "min_numeric": 0,
            "min_special": 0,
            "min_upper": 0,
            "number": true,
            "numeric": true,
            "override_special": null,
            "result": "3tlu5",
            "special": false,
            "upper": false
          },
          "sensitive_attributes": []
        }
      ]
    }
  ],
  "check_results": [
    {
      "object_kind": "var",
      "config_addr": "var.application_name",
      "status": "pass",
      "objects": [
        {
          "object_addr": "var.application_name",
          "status": "pass"
        }
      ]
    },
    {
      "object_kind": "var",
      "config_addr": "var.instance_count",
      "status": "pass",
      "objects": [
        {
          "object_addr": "var.instance_count",
          "status": "pass"
        }
      ]
    }
  ]
}
